PODS:
  - Google-Mobile-Ads-SDK (7.21.0)
  - JSQMessagesViewController (7.3.4):
    - JSQSystemSoundPlayer (~> 2.0.1)
  - JSQSystemSoundPlayer (2.0.1)

DEPENDENCIES:
  - Google-Mobile-Ads-SDK
  - JSQMessagesViewController

SPEC CHECKSUMS:
  Google-Mobile-Ads-SDK: 4a6f1b43c8cc0e1e95a3b59d9f52a01671c6f9f3
  JSQMessagesViewController: 39fed975e3c9f8eba7292071e29eeb541d105e66
  JSQSystemSoundPlayer: c5850e77a4363ffd374cd851154b9af93264ed8d

PODFILE CHECKSUM: 066dcf6e49f85fc512ed013fd186d366e8b85cd0

COCOAPODS: 1.3.1
